# THIS IS AN AUTOGENERATED FILE. DO NOT EDIT THIS FILE DIRECTLY.
# yarn lockfile v1


"@signalk/server-api@^2.4.0":
  version "2.4.0"
  resolved "https://registry.yarnpkg.com/@signalk/server-api/-/server-api-2.4.0.tgz#a7fbedefd0fa6c9688c740315692e2bc483a9d11"
  integrity sha512-4VuqEy805v3G7tMno6Wh3bVICm2kt/qL+JWkszJh9mVNZiN3VU5Pu6unoMzYNzxf7ndeYzqZ7mudNzzU6NxKQA==
